// !$*UTF8*$!
{
	archiveVersion = 1;
	classes = {
	};
	objectVersion = 55;
	objects = {

/* Begin PBXBuildFile section */
		AA89F99827349C8B00A65987 /* CSE493_CaseStudy_SwiftUIApp.swift in Sources */ = {isa = PBXBuildFile; fileRef = AA89F99727349C8B00A65987 /* CSE493_CaseStudy_SwiftUIApp.swift */; };
		AA89F99A27349C8B00A65987 /* ContentView.swift in Sources */ = {isa = PBXBuildFile; fileRef = AA89F99927349C8B00A65987 /* ContentView.swift */; };
		AA89F99C27349C8B00A65987 /* Assets.xcassets in Resources */ = {isa = PBXBuildFile; fileRef = AA89F99B27349C8B00A65987 /* Assets.xcassets */; };
		AA89F99F27349C8B00A65987 /* Preview Assets.xcassets in Resources */ = {isa = PBXBuildFile; fileRef = AA89F99E27349C8B00A65987 /* Preview Assets.xcassets */; };
		AA89F9A727349CD600A65987 /* CaseStudyData.swift in Sources */ = {isa = PBXBuildFile; fileRef = AA89F9A627349CD600A65987 /* CaseStudyData.swift */; };
		AA89F9A927349CF800A65987 /* Framework.swift in Sources */ = {isa = PBXBuildFile; fileRef = AA89F9A827349CF800A65987 /* Framework.swift */; };
		AA89F9AC27349D7F00A65987 /* FrameworkImage.swift in Sources */ = {isa = PBXBuildFile; fileRef = AA89F9AB27349D7F00A65987 /* FrameworkImage.swift */; };
		AA89F9AE27349DA800A65987 /* FrameworkRow.swift in Sources */ = {isa = PBXBuildFile; fileRef = AA89F9AD27349DA800A65987 /* FrameworkRow.swift */; };
		AA89F9B027349DB700A65987 /* FrameworkDetail.swift in Sources */ = {isa = PBXBuildFile; fileRef = AA89F9AF27349DB700A65987 /* FrameworkDetail.swift */; };
		AA89F9B227349DC000A65987 /* FrameworkAddSheet.swift in Sources */ = {isa = PBXBuildFile; fileRef = AA89F9B127349DC000A65987 /* FrameworkAddSheet.swift */; };
		AADD4D6A27356AAE0004E60E /* LibraryContent.swift in Sources */ = {isa = PBXBuildFile; fileRef = AADD4D6927356AAE0004E60E /* LibraryContent.swift */; };
/* End PBXBuildFile section */

/* Begin PBXFileReference section */
		AA89F99427349C8B00A65987 /* CSE493-CaseStudy-SwiftUI.app */ = {isa = PBXFileReference; explicitFileType = wrapper.application; includeInIndex = 0; path = "CSE493-CaseStudy-SwiftUI.app"; sourceTree = BUILT_PRODUCTS_DIR; };
		AA89F99727349C8B00A65987 /* CSE493_CaseStudy_SwiftUIApp.swift */ = {isa = PBXFileReference; lastKnownFileType = sourcecode.swift; path = CSE493_CaseStudy_SwiftUIApp.swift; sourceTree = "<group>"; };
		AA89F99927349C8B00A65987 /* ContentView.swift */ = {isa = PBXFileReference; lastKnownFileType = sourcecode.swift; path = ContentView.swift; sourceTree = "<group>"; };
		AA89F99B27349C8B00A65987 /* Assets.xcassets */ = {isa = PBXFileReference; lastKnownFileType = folder.assetcatalog; path = Assets.xcassets; sourceTree = "<group>"; };
		AA89F99E27349C8B00A65987 /* Preview Assets.xcassets */ = {isa = PBXFileReference; lastKnownFileType = folder.assetcatalog; path = "Preview Assets.xcassets"; sourceTree = "<group>"; };
		AA89F9A627349CD600A65987 /* CaseStudyData.swift */ = {isa = PBXFileReference; lastKnownFileType = sourcecode.swift; path = CaseStudyData.swift; sourceTree = "<group>"; };
		AA89F9A827349CF800A65987 /* Framework.swift */ = {isa = PBXFileReference; lastKnownFileType = sourcecode.swift; path = Framework.swift; sourceTree = "<group>"; };
		AA89F9AB27349D7F00A65987 /* FrameworkImage.swift */ = {isa = PBXFileReference; lastKnownFileType = sourcecode.swift; path = FrameworkImage.swift; sourceTree = "<group>"; };
		AA89F9AD27349DA800A65987 /* FrameworkRow.swift */ = {isa = PBXFileReference; lastKnownFileType = sourcecode.swift; path = FrameworkRow.swift; sourceTree = "<group>"; };
		AA89F9AF27349DB700A65987 /* FrameworkDetail.swift */ = {isa = PBXFileReference; lastKnownFileType = sourcecode.swift; path = FrameworkDetail.swift; sourceTree = "<group>"; };
		AA89F9B127349DC000A65987 /* FrameworkAddSheet.swift */ = {isa = PBXFileReference; lastKnownFileType = sourcecode.swift; path = FrameworkAddSheet.swift; sourceTree = "<group>"; };
		AADD4D6927356AAE0004E60E /* LibraryContent.swift */ = {isa = PBXFileReference; lastKnownFileType = sourcecode.swift; path = LibraryContent.swift; sourceTree = "<group>"; };
/* End PBXFileReference section */

/* Begin PBXFrameworksBuildPhase section */
		AA89F99127349C8B00A65987 /* Frameworks */ = {
			isa = PBXFrameworksBuildPhase;
			buildActionMask = 2147483647;
			files = (
			);
			runOnlyForDeploymentPostprocessing = 0;
		};
/* End PBXFrameworksBuildPhase section */

/* Begin PBXGroup section */
		AA89F98B27349C8B00A65987 = {
			isa = PBXGroup;
			children = (
				AA89F99627349C8B00A65987 /* CSE493-CaseStudy-SwiftUI */,
				AA89F99527349C8B00A65987 /* Products */,
			);
			sourceTree = "<group>";
		};
		AA89F99527349C8B00A65987 /* Products */ = {
			isa = PBXGroup;
			children = (
				AA89F99427349C8B00A65987 /* CSE493-CaseStudy-SwiftUI.app */,
			);
			name = Products;
			sourceTree = "<group>";
		};
		AA89F99627349C8B00A65987 /* CSE493-CaseStudy-SwiftUI */ = {
			isa = PBXGroup;
			children = (
				AA89F9A527349CBD00A65987 /* Model */,
				AA89F99727349C8B00A65987 /* CSE493_CaseStudy_SwiftUIApp.swift */,
				AA89F99927349C8B00A65987 /* ContentView.swift */,
				AA89F9B127349DC000A65987 /* FrameworkAddSheet.swift */,
				AA89F9AF27349DB700A65987 /* FrameworkDetail.swift */,
				AA89F99B27349C8B00A65987 /* Assets.xcassets */,
				AA89F9AA27349D6500A65987 /* Supporting Views */,
				AA89F99D27349C8B00A65987 /* Preview Content */,
			);
			path = "CSE493-CaseStudy-SwiftUI";
			sourceTree = "<group>";
		};
		AA89F99D27349C8B00A65987 /* Preview Content */ = {
			isa = PBXGroup;
			children = (
				AA89F99E27349C8B00A65987 /* Preview Assets.xcassets */,
			);
			path = "Preview Content";
			sourceTree = "<group>";
		};
		AA89F9A527349CBD00A65987 /* Model */ = {
			isa = PBXGroup;
			children = (
				AA89F9A627349CD600A65987 /* CaseStudyData.swift */,
				AA89F9A827349CF800A65987 /* Framework.swift */,
			);
			path = Model;
			sourceTree = "<group>";
		};
		AA89F9AA27349D6500A65987 /* Supporting Views */ = {
			isa = PBXGroup;
			children = (
				AA89F9AB27349D7F00A65987 /* FrameworkImage.swift */,
				AA89F9AD27349DA800A65987 /* FrameworkRow.swift */,
				AADD4D6927356AAE0004E60E /* LibraryContent.swift */,
			);
			path = "Supporting Views";
			sourceTree = "<group>";
		};
/* End PBXGroup section */

/* Begin PBXNativeTarget section */
		AA89F99327349C8B00A65987 /* CSE493-CaseStudy-SwiftUI */ = {
			isa = PBXNativeTarget;
			buildConfigurationList = AA89F9A227349C8B00A65987 /* Build configuration list for PBXNativeTarget "CSE493-CaseStudy-SwiftUI" */;
			buildPhases = (
				AA89F99027349C8B00A65987 /* Sources */,
				AA89F99127349C8B00A65987 /* Frameworks */,
				AA89F99227349C8B00A65987 /* Resources */,
			);
			buildRules = (
			);
			dependencies = (
			);
			name = "CSE493-CaseStudy-SwiftUI";
			productName = "CSE493-CaseStudy-SwiftUI";
			productReference = AA89F99427349C8B00A65987 /* CSE493-CaseStudy-SwiftUI.app */;
			productType = "com.apple.product-type.application";
		};
/* End PBXNativeTarget section */

/* Begin PBXProject section */
		AA89F98C27349C8B00A65987 /* Project object */ = {
			isa = PBXProject;
			attributes = {
				BuildIndependentTargetsInParallel = 1;
				LastSwiftUpdateCheck = 1310;
				LastUpgradeCheck = 1310;
				TargetAttributes = {
					AA89F99327349C8B00A65987 = {
						CreatedOnToolsVersion = 13.1;
					};
				};
			};
			buildConfigurationList = AA89F98F27349C8B00A65987 /* Build configuration list for PBXProject "CSE493-CaseStudy-SwiftUI" */;
			compatibilityVersion = "Xcode 13.0";
			developmentRegion = en;
			hasScannedForEncodings = 0;
			knownRegions = (
				en,
				Base,
			);
			mainGroup = AA89F98B27349C8B00A65987;
			productRefGroup = AA89F99527349C8B00A65987 /* Products */;
			projectDirPath = "";
			projectRoot = "";
			targets = (
				AA89F99327349C8B00A65987 /* CSE493-CaseStudy-SwiftUI */,
			);
		};
/* End PBXProject section */

/* Begin PBXResourcesBuildPhase section */
		AA89F99227349C8B00A65987 /* Resources */ = {
			isa = PBXResourcesBuildPhase;
			buildActionMask = 2147483647;
			files = (
				AA89F99F27349C8B00A65987 /* Preview Assets.xcassets in Resources */,
				AA89F99C27349C8B00A65987 /* Assets.xcassets in Resources */,
			);
			runOnlyForDeploymentPostprocessing = 0;
		};
/* End PBXResourcesBuildPhase section */

/* Begin PBXSourcesBuildPhase section */
		AA89F99027349C8B00A65987 /* Sources */ = {
			isa = PBXSourcesBuildPhase;
			buildActionMask = 2147483647;
			files = (
				AA89F9B227349DC000A65987 /* FrameworkAddSheet.swift in Sources */,
				AADD4D6A27356AAE0004E60E /* LibraryContent.swift in Sources */,
				AA89F9A727349CD600A65987 /* CaseStudyData.swift in Sources */,
				AA89F99A27349C8B00A65987 /* ContentView.swift in Sources */,
				AA89F9AC27349D7F00A65987 /* FrameworkImage.swift in Sources */,
				AA89F9A927349CF800A65987 /* Framework.swift in Sources */,
				AA89F99827349C8B00A65987 /* CSE493_CaseStudy_SwiftUIApp.swift in Sources */,
				AA89F9B027349DB700A65987 /* FrameworkDetail.swift in Sources */,
				AA89F9AE27349DA800A65987 /* FrameworkRow.swift in Sources */,
			);
			runOnlyForDeploymentPostprocessing = 0;
		};
/* End PBXSourcesBuildPhase section */

/* Begin XCBuildConfiguration section */
		AA89F9A027349C8B00A65987 /* Debug */ = {
			isa = XCBuildConfiguration;
			buildSettings = {
				ALWAYS_SEARCH_USER_PATHS = NO;
				CLANG_ANALYZER_NONNULL = YES;
				CLANG_ANALYZER_NUMBER_OBJECT_CONVERSION = YES_AGGRESSIVE;
				CLANG_CXX_LANGUAGE_STANDARD = "gnu++17";
				CLANG_CXX_LIBRARY = "libc++";
				CLANG_ENABLE_MODULES = YES;
				CLANG_ENABLE_OBJC_ARC = YES;
				CLANG_ENABLE_OBJC_WEAK = YES;
				CLANG_WARN_BLOCK_CAPTURE_AUTORELEASING = YES;
				CLANG_WARN_BOOL_CONVERSION = YES;
				CLANG_WARN_COMMA = YES;
				CLANG_WARN_CONSTANT_CONVERSION = YES;
				CLANG_WARN_DEPRECATED_OBJC_IMPLEMENTATIONS = YES;
				CLANG_WARN_DIRECT_OBJC_ISA_USAGE = YES_ERROR;
				CLANG_WARN_DOCUMENTATION_COMMENTS = YES;
				CLANG_WARN_EMPTY_BODY = YES;
				CLANG_WARN_ENUM_CONVERSION = YES;
				CLANG_WARN_INFINITE_RECURSION = YES;
				CLANG_WARN_INT_CONVERSION = YES;
				CLANG_WARN_NON_LITERAL_NULL_CONVERSION = YES;
				CLANG_WARN_OBJC_IMPLICIT_RETAIN_SELF = YES;
				CLANG_WARN_OBJC_LITERAL_CONVERSION = YES;
				CLANG_WARN_OBJC_ROOT_CLASS = YES_ERROR;
				CLANG_WARN_QUOTED_INCLUDE_IN_FRAMEWORK_HEADER = YES;
				CLANG_WARN_RANGE_LOOP_ANALYSIS = YES;
				CLANG_WARN_STRICT_PROTOTYPES = YES;
				CLANG_WARN_SUSPICIOUS_MOVE = YES;
				CLANG_WARN_UNGUARDED_AVAILABILITY = YES_AGGRESSIVE;
				CLANG_WARN_UNREACHABLE_CODE = YES;
				CLANG_WARN__DUPLICATE_METHOD_MATCH = YES;
				COPY_PHASE_STRIP = NO;
				DEBUG_INFORMATION_FORMAT = dwarf;
				ENABLE_STRICT_OBJC_MSGSEND = YES;
				ENABLE_TESTABILITY = YES;
				GCC_C_LANGUAGE_STANDARD = gnu11;
				GCC_DYNAMIC_NO_PIC = NO;
				GCC_NO_COMMON_BLOCKS = YES;
				GCC_OPTIMIZATION_LEVEL = 0;
				GCC_PREPROCESSOR_DEFINITIONS = (
					"DEBUG=1",
					"$(inherited)",
				);
				GCC_WARN_64_TO_32_BIT_CONVERSION = YES;
				GCC_WARN_ABOUT_RETURN_TYPE = YES_ERROR;
				GCC_WARN_UNDECLARED_SELECTOR = YES;
				GCC_WARN_UNINITIALIZED_AUTOS = YES_AGGRESSIVE;
				GCC_WARN_UNUSED_FUNCTION = YES;
				GCC_WARN_UNUSED_VARIABLE = YES;
				IPHONEOS_DEPLOYMENT_TARGET = 15.0;
				MTL_ENABLE_DEBUG_INFO = INCLUDE_SOURCE;
				MTL_FAST_MATH = YES;
				ONLY_ACTIVE_ARCH = YES;
				SDKROOT = iphoneos;
				SWIFT_ACTIVE_COMPILATION_CONDITIONS = DEBUG;
				SWIFT_OPTIMIZATION_LEVEL = "-Onone";
			};
			name = Debug;
		};
		AA89F9A127349C8B00A65987 /* Release */ = {
			isa = XCBuildConfiguration;
			buildSettings = {
				ALWAYS_SEARCH_USER_PATHS = NO;
				CLANG_ANALYZER_NONNULL = YES;
				CLANG_ANALYZER_NUMBER_OBJECT_CONVERSION = YES_AGGRESSIVE;
				CLANG_CXX_LANGUAGE_STANDARD = "gnu++17";
				CLANG_CXX_LIBRARY = "libc++";
				CLANG_ENABLE_MODULES = YES;
				CLANG_ENABLE_OBJC_ARC = YES;
				CLANG_ENABLE_OBJC_WEAK = YES;
				CLANG_WARN_BLOCK_CAPTURE_AUTORELEASING = YES;
				CLANG_WARN_BOOL_CONVERSION = YES;
				CLANG_WARN_COMMA = YES;
				CLANG_WARN_CONSTANT_CONVERSION = YES;
				CLANG_WARN_DEPRECATED_OBJC_IMPLEMENTATIONS = YES;
				CLANG_WARN_DIRECT_OBJC_ISA_USAGE = YES_ERROR;
				CLANG_WARN_DOCUMENTATION_COMMENTS = YES;
				CLANG_WARN_EMPTY_BODY = YES;
				CLANG_WARN_ENUM_CONVERSION = YES;
				CLANG_WARN_INFINITE_RECURSION = YES;
				CLANG_WARN_INT_CONVERSION = YES;
				CLANG_WARN_NON_LITERAL_NULL_CONVERSION = YES;
				CLANG_WARN_OBJC_IMPLICIT_RETAIN_SELF = YES;
				CLANG_WARN_OBJC_LITERAL_CONVERSION = YES;
				CLANG_WARN_OBJC_ROOT_CLASS = YES_ERROR;
				CLANG_WARN_QUOTED_INCLUDE_IN_FRAMEWORK_HEADER = YES;
				CLANG_WARN_RANGE_LOOP_ANALYSIS = YES;
				CLANG_WARN_STRICT_PROTOTYPES = YES;
				CLANG_WARN_SUSPICIOUS_MOVE = YES;
				CLANG_WARN_UNGUARDED_AVAILABILITY = YES_AGGRESSIVE;
				CLANG_WARN_UNREACHABLE_CODE = YES;
				CLANG_WARN__DUPLICATE_METHOD_MATCH = YES;
				COPY_PHASE_STRIP = NO;
				DEBUG_INFORMATION_FORMAT = "dwarf-with-dsym";
				ENABLE_NS_ASSERTIONS = NO;
				ENABLE_STRICT_OBJC_MSGSEND = YES;
				GCC_C_LANGUAGE_STANDARD = gnu11;
				GCC_NO_COMMON_BLOCKS = YES;
				GCC_WARN_64_TO_32_BIT_CONVERSION = YES;
				GCC_WARN_ABOUT_RETURN_TYPE = YES_ERROR;
				GCC_WARN_UNDECLARED_SELECTOR = YES;
				GCC_WARN_UNINITIALIZED_AUTOS = YES_AGGRESSIVE;
				GCC_WARN_UNUSED_FUNCTION = YES;
				GCC_WARN_UNUSED_VARIABLE = YES;
				IPHONEOS_DEPLOYMENT_TARGET = 15.0;
				MTL_ENABLE_DEBUG_INFO = NO;
				MTL_FAST_MATH = YES;
				SDKROOT = iphoneos;
				SWIFT_COMPILATION_MODE = wholemodule;
				SWIFT_OPTIMIZATION_LEVEL = "-O";
				VALIDATE_PRODUCT = YES;
			};
			name = Release;
		};
		AA89F9A327349C8B00A65987 /* Debug */ = {
			isa = XCBuildConfiguration;
			buildSettings = {
				ASSETCATALOG_COMPILER_APPICON_NAME = AppIcon;
				ASSETCATALOG_COMPILER_GLOBAL_ACCENT_COLOR_NAME = AccentColor;
				CODE_SIGN_STYLE = Automatic;
				CURRENT_PROJECT_VERSION = 1;
				DEVELOPMENT_ASSET_PATHS = "\"CSE493-CaseStudy-SwiftUI/Preview Content\"";
				DEVELOPMENT_TEAM = 3WVGVY5QTJ;
				ENABLE_PREVIEWS = YES;
				GENERATE_INFOPLIST_FILE = YES;
				INFOPLIST_KEY_UIApplicationSceneManifest_Generation = YES;
				INFOPLIST_KEY_UIApplicationSupportsIndirectInputEvents = YES;
				INFOPLIST_KEY_UILaunchScreen_Generation = YES;
				INFOPLIST_KEY_UISupportedInterfaceOrientations_iPad = "UIInterfaceOrientationPortrait UIInterfaceOrientationPortraitUpsideDown UIInterfaceOrientationLandscapeLeft UIInterfaceOrientationLandscapeRight";
				INFOPLIST_KEY_UISupportedInterfaceOrientations_iPhone = "UIInterfaceOrientationPortrait UIInterfaceOrientationLandscapeLeft UIInterfaceOrientationLandscapeRight";
				LD_RUNPATH_SEARCH_PATHS = (
					"$(inherited)",
					"@executable_path/Frameworks",
				);
				MARKETING_VERSION = 1.0;
				PRODUCT_BUNDLE_IDENTIFIER = "Ethan.CSE493-Component-Text-UIKit";
				PRODUCT_NAME = "$(TARGET_NAME)";
				SWIFT_EMIT_LOC_STRINGS = YES;
				SWIFT_VERSION = 5.0;
				TARGETED_DEVICE_FAMILY = "1,2";
			};
			name = Debug;
		};
		AA89F9A427349C8B00A65987 /* Release */ = {
			isa = XCBuildConfiguration;
			buildSettings = {
				ASSETCATALOG_COMPILER_APPICON_NAME = AppIcon;
				ASSETCATALOG_COMPILER_GLOBAL_ACCENT_COLOR_NAME = AccentColor;
				CODE_SIGN_STYLE = Automatic;
				CURRENT_PROJECT_VERSION = 1;
				DEVELOPMENT_ASSET_PATHS = "\"CSE493-CaseStudy-SwiftUI/Preview Content\"";
				DEVELOPMENT_TEAM = 3WVGVY5QTJ;
				ENABLE_PREVIEWS = YES;
				GENERATE_INFOPLIST_FILE = YES;
				INFOPLIST_KEY_UIApplicationSceneManifest_Generation = YES;
				INFOPLIST_KEY_UIApplicationSupportsIndirectInputEvents = YES;
				INFOPLIST_KEY_UILaunchScreen_Generation = YES;
				INFOPLIST_KEY_UISupportedInterfaceOrientations_iPad = "UIInterfaceOrientationPortrait UIInterfaceOrientationPortraitUpsideDown UIInterfaceOrientationLandscapeLeft UIInterfaceOrientationLandscapeRight";
				INFOPLIST_KEY_UISupportedInterfaceOrientations_iPhone = "UIInterfaceOrientationPortrait UIInterfaceOrientationLandscapeLeft UIInterfaceOrientationLandscapeRight";
				LD_RUNPATH_SEARCH_PATHS = (
					"$(inherited)",
					"@executable_path/Frameworks",
				);
				MARKETING_VERSION = 1.0;
				PRODUCT_BUNDLE_IDENTIFIER = "Ethan.CSE493-Component-Text-UIKit";
				PRODUCT_NAME = "$(TARGET_NAME)";
				SWIFT_EMIT_LOC_STRINGS = YES;
				SWIFT_VERSION = 5.0;
				TARGETED_DEVICE_FAMILY = "1,2";
			};
			name = Release;
		};
/* End XCBuildConfiguration section */

/* Begin XCConfigurationList section */
		AA89F98F27349C8B00A65987 /* Build configuration list for PBXProject "CSE493-CaseStudy-SwiftUI" */ = {
			isa = XCConfigurationList;
			buildConfigurations = (
				AA89F9A027349C8B00A65987 /* Debug */,
				AA89F9A127349C8B00A65987 /* Release */,
			);
			defaultConfigurationIsVisible = 0;
			defaultConfigurationName = Release;
		};
		AA89F9A227349C8B00A65987 /* Build configuration list for PBXNativeTarget "CSE493-CaseStudy-SwiftUI" */ = {
			isa = XCConfigurationList;
			buildConfigurations = (
				AA89F9A327349C8B00A65987 /* Debug */,
				AA89F9A427349C8B00A65987 /* Release */,
			);
			defaultConfigurationIsVisible = 0;
			defaultConfigurationName = Release;
		};
/* End XCConfigurationList section */
	};
	rootObject = AA89F98C27349C8B00A65987 /* Project object */;
}
